
Microsoft Visual Studio Solution File, Format Version 12.00
# Visual Studio 15
VisualStudioVersion = 15.0.28307.1321
MinimumVisualStudioVersion = 10.0.40219.1
Project("{FAE04EC0-301F-11D3-BF4B-00C04F79EFBC}") = "ProvaFiscal", "ProvaFiscal\ProvaFiscal.csproj", "{4B3C0F6C-82DC-44A2-92CA-CE3892CE1EA6}"
EndProject
Global
	GlobalSection(SolutionConfigurationPlatforms) = preSolution
		Debug|Any CPU = Debug|Any CPU
		Release|Any CPU = Release|Any CPU
	EndGlobalSection
	GlobalSection(ProjectConfigurationPlatforms) = postSolution
		{4B3C0F6C-82DC-44A2-92CA-CE3892CE1EA6}.Debug|Any CPU.ActiveCfg = Debug|Any CPU
		{4B3C0F6C-82DC-44A2-92CA-CE3892CE1EA6}.Debug|Any CPU.Build.0 = Debug|Any CPU
		{4B3C0F6C-82DC-44A2-92CA-CE3892CE1EA6}.Release|Any CPU.ActiveCfg = Release|Any CPU
		{4B3C0F6C-82DC-44A2-92CA-CE3892CE1EA6}.Release|Any CPU.Build.0 = Release|Any CPU
	EndGlobalSection
	GlobalSection(SolutionProperties) = preSolution
		HideSolutionNode = FALSE
	EndGlobalSection
	GlobalSection(ExtensibilityGlobals) = postSolution
		SolutionGuid = {E0FDA5AB-F186-4249-A31A-DBA07F1F7E77}
	EndGlobalSection
EndGlobal
